// !$*UTF8*$!
{
	archiveVersion = 1;
	classes = {
	};
	objectVersion = 46;
	objects = {

/* Begin PBXBuildFile section */
		65ACD6691ECDFC4E0066FACF /* main.cpp in Sources */ = {isa = PBXBuildFile; fileRef = 65ACD6681ECDFC4E0066FACF /* main.cpp */; };
		65ACD6711ECDFC840066FACF /* Stack.cpp in Sources */ = {isa = PBXBuildFile; fileRef = 65ACD66F1ECDFC840066FACF /* Stack.cpp */; };
/* End PBXBuildFile section */

/* Begin PBXCopyFilesBuildPhase section */
		65ACD6631ECDFC4E0066FACF /* CopyFiles */ = {
			isa = PBXCopyFilesBuildPhase;
			buildActionMask = 2147483647;
			dstPath = /usr/share/man/man1/;
			dstSubfolderSpec = 0;
			files = (
			);
			runOnlyForDeploymentPostprocessing = 1;
		};
/* End PBXCopyFilesBuildPhase section */

/* Begin PBXFileReference section */
		65ACD6651ECDFC4E0066FACF /* Stacks */ = {isa = PBXFileReference; explicitFileType = "compiled.mach-o.executable"; includeInIndex = 0; path = Stacks; sourceTree = BUILT_PRODUCTS_DIR; };
		65ACD6681ECDFC4E0066FACF /* main.cpp */ = {isa = PBXFileReference; lastKnownFileType = sourcecode.cpp.cpp; path = main.cpp; sourceTree = "<group>"; };
		65ACD66F1ECDFC840066FACF /* Stack.cpp */ = {isa = PBXFileReference; fileEncoding = 4; lastKnownFileType = sourcecode.cpp.cpp; path = Stack.cpp; sourceTree = "<group>"; };
		65ACD6701ECDFC840066FACF /* Stack.hpp */ = {isa = PBXFileReference; fileEncoding = 4; lastKnownFileType = sourcecode.cpp.h; path = Stack.hpp; sourceTree = "<group>"; };
/* End PBXFileReference section */

/* Begin PBXFrameworksBuildPhase section */
		65ACD6621ECDFC4E0066FACF /* Frameworks */ = {
			isa = PBXFrameworksBuildPhase;
			buildActionMask = 2147483647;
			files = (
			);
			runOnlyForDeploymentPostprocessing = 0;
		};
/* End PBXFrameworksBuildPhase section */

/* Begin PBXGroup section */
		65ACD65C1ECDFC4E0066FACF = {
			isa = PBXGroup;
			children = (
				65ACD6671ECDFC4E0066FACF /* Stacks */,
				65ACD6661ECDFC4E0066FACF /* Products */,
			);
			sourceTree = "<group>";
		};
		65ACD6661ECDFC4E0066FACF /* Products */ = {
			isa = PBXGroup;
			children = (
				65ACD6651ECDFC4E0066FACF /* Stacks */,
			);
			name = Products;
			sourceTree = "<group>";
		};
		65ACD6671ECDFC4E0066FACF /* Stacks */ = {
			isa = PBXGroup;
			children = (
				65ACD6681ECDFC4E0066FACF /* main.cpp */,
				65ACD66F1ECDFC840066FACF /* Stack.cpp */,
				65ACD6701ECDFC840066FACF /* Stack.hpp */,
			);
			path = Stacks;
			sourceTree = "<group>";
		};
/* End PBXGroup section */

/* Begin PBXNativeTarget section */
		65ACD6641ECDFC4E0066FACF /* Stacks */ = {
			isa = PBXNativeTarget;
			buildConfigurationList = 65ACD66C1ECDFC4E0066FACF /* Build configuration list for PBXNativeTarget "Stacks" */;
			buildPhases = (
				65ACD6611ECDFC4E0066FACF /* Sources */,
				65ACD6621ECDFC4E0066FACF /* Frameworks */,
				65ACD6631ECDFC4E0066FACF /* CopyFiles */,
			);
			buildRules = (
			);
			dependencies = (
			);
			name = Stacks;
			productName = Stacks;
			productReference = 65ACD6651ECDFC4E0066FACF /* Stacks */;
			productType = "com.apple.product-type.tool";
		};
/* End PBXNativeTarget section */

/* Begin PBXProject section */
		65ACD65D1ECDFC4E0066FACF /* Project object */ = {
			isa = PBXProject;
			attributes = {
				LastUpgradeCheck = 0830;
				ORGANIZATIONNAME = "Tap. TOUCH";
				TargetAttributes = {
					65ACD6641ECDFC4E0066FACF = {
						CreatedOnToolsVersion = 8.3.2;
						DevelopmentTeam = 57LH36PK7B;
						ProvisioningStyle = Automatic;
					};
				};
			};
			buildConfigurationList = 65ACD6601ECDFC4E0066FACF /* Build configuration list for PBXProject "Stacks" */;
			compatibilityVersion = "Xcode 3.2";
			developmentRegion = English;
			hasScannedForEncodings = 0;
			knownRegions = (
				en,
			);
			mainGroup = 65ACD65C1ECDFC4E0066FACF;
			productRefGroup = 65ACD6661ECDFC4E0066FACF /* Products */;
			projectDirPath = "";
			projectRoot = "";
			targets = (
				65ACD6641ECDFC4E0066FACF /* Stacks */,
			);
		};
/* End PBXProject section */

/* Begin PBXSourcesBuildPhase section */
		65ACD6611ECDFC4E0066FACF /* Sources */ = {
			isa = PBXSourcesBuildPhase;
			buildActionMask = 2147483647;
			files = (
				65ACD6711ECDFC840066FACF /* Stack.cpp in Sources */,
				65ACD6691ECDFC4E0066FACF /* main.cpp in Sources */,
			);
			runOnlyForDeploymentPostprocessing = 0;
		};
/* End PBXSourcesBuildPhase section */

/* Begin XCBuildConfiguration section */
		65ACD66A1ECDFC4E0066FACF /* Debug */ = {
			isa = XCBuildConfiguration;
			buildSettings = {
				ALWAYS_SEARCH_USER_PATHS = NO;
				CLANG_ANALYZER_NONNULL = YES;
				CLANG_ANALYZER_NUMBER_OBJECT_CONVERSION = YES_AGGRESSIVE;
				CLANG_CXX_LANGUAGE_STANDARD = "gnu++0x";
				CLANG_CXX_LIBRARY = "libc++";
				CLANG_ENABLE_MODULES = YES;
				CLANG_ENABLE_OBJC_ARC = YES;
				CLANG_WARN_BOOL_CONVERSION = YES;
				CLANG_WARN_CONSTANT_CONVERSION = YES;
				CLANG_WARN_DIRECT_OBJC_ISA_USAGE = YES_ERROR;
				CLANG_WARN_DOCUMENTATION_COMMENTS = YES;
				CLANG_WARN_EMPTY_BODY = YES;
				CLANG_WARN_ENUM_CONVERSION = YES;
				CLANG_WARN_INFINITE_RECURSION = YES;
				CLANG_WARN_INT_CONVERSION = YES;
				CLANG_WARN_OBJC_ROOT_CLASS = YES_ERROR;
				CLANG_WARN_SUSPICIOUS_MOVE = YES;
				CLANG_WARN_UNREACHABLE_CODE = YES;
				CLANG_WARN__DUPLICATE_METHOD_MATCH = YES;
				CODE_SIGN_IDENTITY = "-";
				COPY_PHASE_STRIP = NO;
				DEBUG_INFORMATION_FORMAT = dwarf;
				ENABLE_STRICT_OBJC_MSGSEND = YES;
				ENABLE_TESTABILITY = YES;
				GCC_C_LANGUAGE_STANDARD = gnu99;
				GCC_DYNAMIC_NO_PIC = NO;
				GCC_NO_COMMON_BLOCKS = YES;
				GCC_OPTIMIZATION_LEVEL = 0;
				GCC_PREPROCESSOR_DEFINITIONS = (
					"DEBUG=1",
					"$(inherited)",
				);
				GCC_WARN_64_TO_32_BIT_CONVERSION = YES;
				GCC_WARN_ABOUT_RETURN_TYPE = YES_ERROR;
				GCC_WARN_UNDECLARED_SELECTOR = YES;
				GCC_WARN_UNINITIALIZED_AUTOS = YES_AGGRESSIVE;
				GCC_WARN_UNUSED_FUNCTION = YES;
				GCC_WARN_UNUSED_VARIABLE = YES;
				MACOSX_DEPLOYMENT_TARGET = 10.12;
				MTL_ENABLE_DEBUG_INFO = YES;
				ONLY_ACTIVE_ARCH = YES;
				SDKROOT = macosx;
			};
			name = Debug;
		};
		65ACD66B1ECDFC4E0066FACF /* Release */ = {
			isa = XCBuildConfiguration;
			buildSettings = {
				ALWAYS_SEARCH_USER_PATHS = NO;
				CLANG_ANALYZER_NONNULL = YES;
				CLANG_ANALYZER_NUMBER_OBJECT_CONVERSION = YES_AGGRESSIVE;
				CLANG_CXX_LANGUAGE_STANDARD = "gnu++0x";
				CLANG_CXX_LIBRARY = "libc++";
				CLANG_ENABLE_MODULES = YES;
				CLANG_ENABLE_OBJC_ARC = YES;
				CLANG_WARN_BOOL_CONVERSION = YES;
				CLANG_WARN_CONSTANT_CONVERSION = YES;
				CLANG_WARN_DIRECT_OBJC_ISA_USAGE = YES_ERROR;
				CLANG_WARN_DOCUMENTATION_COMMENTS = YES;
				CLANG_WARN_EMPTY_BODY = YES;
				CLANG_WARN_ENUM_CONVERSION = YES;
				CLANG_WARN_INFINITE_RECURSION = YES;
				CLANG_WARN_INT_CONVERSION = YES;
				CLANG_WARN_OBJC_ROOT_CLASS = YES_ERROR;
				CLANG_WARN_SUSPICIOUS_MOVE = YES;
				CLANG_WARN_UNREACHABLE_CODE = YES;
				CLANG_WARN__DUPLICATE_METHOD_MATCH = YES;
				CODE_SIGN_IDENTITY = "-";
				COPY_PHASE_STRIP = NO;
				DEBUG_INFORMATION_FORMAT = "dwarf-with-dsym";
				ENABLE_NS_ASSERTIONS = NO;
				ENABLE_STRICT_OBJC_MSGSEND = YES;
				GCC_C_LANGUAGE_STANDARD = gnu99;
				GCC_NO_COMMON_BLOCKS = YES;
				GCC_WARN_64_TO_32_BIT_CONVERSION = YES;
				GCC_WARN_ABOUT_RETURN_TYPE = YES_ERROR;
				GCC_WARN_UNDECLARED_SELECTOR = YES;
				GCC_WARN_UNINITIALIZED_AUTOS = YES_AGGRESSIVE;
				GCC_WARN_UNUSED_FUNCTION = YES;
				GCC_WARN_UNUSED_VARIABLE = YES;
				MACOSX_DEPLOYMENT_TARGET = 10.12;
				MTL_ENABLE_DEBUG_INFO = NO;
				SDKROOT = macosx;
			};
			name = Release;
		};
		65ACD66D1ECDFC4E0066FACF /* Debug */ = {
			isa = XCBuildConfiguration;
			buildSettings = {
				CODE_SIGN_IDENTITY = "Mac Developer";
				DEVELOPMENT_TEAM = 57LH36PK7B;
				MACOSX_DEPLOYMENT_TARGET = 10.12;
				PRODUCT_NAME = "$(TARGET_NAME)";
				PROVISIONING_PROFILE_SPECIFIER = "";
			};
			name = Debug;
		};
		65ACD66E1ECDFC4E0066FACF /* Release */ = {
			isa = XCBuildConfiguration;
			buildSettings = {
				CODE_SIGN_IDENTITY = "Mac Developer";
				DEVELOPMENT_TEAM = 57LH36PK7B;
				MACOSX_DEPLOYMENT_TARGET = 10.12;
				PRODUCT_NAME = "$(TARGET_NAME)";
				PROVISIONING_PROFILE_SPECIFIER = "";
			};
			name = Release;
		};
/* End XCBuildConfiguration section */

/* Begin XCConfigurationList section */
		65ACD6601ECDFC4E0066FACF /* Build configuration list for PBXProject "Stacks" */ = {
			isa = XCConfigurationList;
			buildConfigurations = (
				65ACD66A1ECDFC4E0066FACF /* Debug */,
				65ACD66B1ECDFC4E0066FACF /* Release */,
			);
			defaultConfigurationIsVisible = 0;
			defaultConfigurationName = Release;
		};
		65ACD66C1ECDFC4E0066FACF /* Build configuration list for PBXNativeTarget "Stacks" */ = {
			isa = XCConfigurationList;
			buildConfigurations = (
				65ACD66D1ECDFC4E0066FACF /* Debug */,
				65ACD66E1ECDFC4E0066FACF /* Release */,
			);
			defaultConfigurationIsVisible = 0;
		};
/* End XCConfigurationList section */
	};
	rootObject = 65ACD65D1ECDFC4E0066FACF /* Project object */;
}
